
Microsoft Visual Studio Solution File, Format Version 12.00
# Visual Studio Version 16
VisualStudioVersion = 16.0.31702.278
MinimumVisualStudioVersion = 10.0.40219.1
Project("{FAE04EC0-301F-11D3-BF4B-00C04F79EFBC}") = "Physics", "Physics.csproj", "{FC3E6BD2-163C-4571-9B4D-F23B1B6BCC25}"
EndProject
Global
	GlobalSection(SolutionConfigurationPlatforms) = preSolution
		Debug|Any CPU = Debug|Any CPU
		Release|Any CPU = Release|Any CPU
	EndGlobalSection
	GlobalSection(ProjectConfigurationPlatforms) = postSolution
		{FC3E6BD2-163C-4571-9B4D-F23B1B6BCC25}.Debug|Any CPU.ActiveCfg = Debug|Any CPU
		{FC3E6BD2-163C-4571-9B4D-F23B1B6BCC25}.Debug|Any CPU.Build.0 = Debug|Any CPU
		{FC3E6BD2-163C-4571-9B4D-F23B1B6BCC25}.Release|Any CPU.ActiveCfg = Release|Any CPU
		{FC3E6BD2-163C-4571-9B4D-F23B1B6BCC25}.Release|Any CPU.Build.0 = Release|Any CPU
	EndGlobalSection
	GlobalSection(SolutionProperties) = preSolution
		HideSolutionNode = FALSE
	EndGlobalSection
	GlobalSection(ExtensibilityGlobals) = postSolution
		SolutionGuid = {5459D591-D858-457B-9493-053277DE5737}
	EndGlobalSection
EndGlobal
